# This file is automatically @generated by Cargo.
# It is not intended for manual editing.
version = 4

[[package]]
name = "nexa"
version = "0.1.0"
dependencies = [
 "nexa-core",
 "nexa-runtime",
]

[[package]]
name = "nexa-cli"
version = "0.1.0"
dependencies = [
 "nexa-machine",
 "nexa-model",
]

[[package]]
name = "nexa-core"
version = "0.1.0"

[[package]]
name = "nexa-machine"
version = "0.1.0"
dependencies = [
 "nexa-core",
]

[[package]]
name = "nexa-model"
version = "0.1.0"
dependencies = [
 "nexa-core",
 "nexa-machine",
 "nexa-runtime",
]

[[package]]
name = "nexa-runtime"
version = "0.1.0"
dependencies = [
 "nexa-core",
 "nexa-machine",
]
