# This file is automatically @generated by Cargo.
# It is not intended for manual editing.
version = 4

[[package]]
name = "combat-runtime"
version = "0.1.0"
dependencies = [
 "nexa-compiler",
 "nexa-core",
 "nexa-idl",
 "nexa-runtime",
]

[[package]]
name = "nexa"
version = "0.1.0"
dependencies = [
 "nexa-bytecode",
 "nexa-compiler",
 "nexa-core",
 "nexa-idl",
 "nexa-runtime",
 "nexa-verifier",
]

[[package]]
name = "nexa-bytecode"
version = "0.1.0"
dependencies = [
 "nexa-core",
]

[[package]]
name = "nexa-cli"
version = "0.1.0"
dependencies = [
 "nexa-compiler",
 "nexa-idl",
 "nexa-machine",
 "nexa-model",
]

[[package]]
name = "nexa-compiler"
version = "0.1.0"
dependencies = [
 "nexa-bytecode",
 "nexa-core",
 "nexa-idl",
 "nexa-runtime",
 "nexa-verifier",
]

[[package]]
name = "nexa-core"
version = "0.1.0"

[[package]]
name = "nexa-idl"
version = "0.1.0"
dependencies = [
 "nexa-core",
]

[[package]]
name = "nexa-machine"
version = "0.1.0"
dependencies = [
 "nexa-core",
]

[[package]]
name = "nexa-model"
version = "0.1.0"
dependencies = [
 "nexa-bytecode",
 "nexa-core",
 "nexa-machine",
 "nexa-runtime",
 "nexa-verifier",
]

[[package]]
name = "nexa-runtime"
version = "0.1.0"
dependencies = [
 "nexa-bytecode",
 "nexa-core",
 "nexa-verifier",
]

[[package]]
name = "nexa-verifier"
version = "0.1.0"
dependencies = [
 "nexa-bytecode",
]
