# This file is automatically @generated by Cargo.
# It is not intended for manual editing.
version = 4

[[package]]
name = "nexa-allocation-observer"
version = "0.1.0"
dependencies = [
 "nexa-bytecode",
 "nexa-core",
 "nexa-runtime",
 "nexa-verifier",
]

[[package]]
name = "nexa-bytecode"
version = "0.1.0"
dependencies = [
 "nexa-core",
]

[[package]]
name = "nexa-core"
version = "0.1.0"

[[package]]
name = "nexa-runtime"
version = "0.1.0"
dependencies = [
 "nexa-bytecode",
 "nexa-core",
 "nexa-verifier",
]

[[package]]
name = "nexa-verifier"
version = "0.1.0"
dependencies = [
 "nexa-bytecode",
]
